
Microsoft Visual Studio Solution File, Format Version 12.00
# Visual Studio Version 16
VisualStudioVersion = 16.0.29613.14
MinimumVisualStudioVersion = 10.0.40219.1
Project("{FAE04EC0-301F-11D3-BF4B-00C04F79EFBC}") = "lanNaughtsAndCrosses", "lanNaughtsAndCrosses\lanNaughtsAndCrosses.csproj", "{44F2BC0B-CC6F-4F2C-A294-5F23E2137FF7}"
EndProject
Global
	GlobalSection(SolutionConfigurationPlatforms) = preSolution
		Debug|Any CPU = Debug|Any CPU
		Release|Any CPU = Release|Any CPU
	EndGlobalSection
	GlobalSection(ProjectConfigurationPlatforms) = postSolution
		{44F2BC0B-CC6F-4F2C-A294-5F23E2137FF7}.Debug|Any CPU.ActiveCfg = Debug|Any CPU
		{44F2BC0B-CC6F-4F2C-A294-5F23E2137FF7}.Debug|Any CPU.Build.0 = Debug|Any CPU
		{44F2BC0B-CC6F-4F2C-A294-5F23E2137FF7}.Release|Any CPU.ActiveCfg = Release|Any CPU
		{44F2BC0B-CC6F-4F2C-A294-5F23E2137FF7}.Release|Any CPU.Build.0 = Release|Any CPU
	EndGlobalSection
	GlobalSection(SolutionProperties) = preSolution
		HideSolutionNode = FALSE
	EndGlobalSection
	GlobalSection(ExtensibilityGlobals) = postSolution
		SolutionGuid = {067F148F-29C8-4D45-9AAA-42E4839BD941}
	EndGlobalSection
EndGlobal
